
Microsoft Visual Studio Solution File, Format Version 12.00
# Visual Studio Version 17
VisualStudioVersion = 17.4.33213.308
MinimumVisualStudioVersion = 10.0.40219.1
Project("{FAE04EC0-301F-11D3-BF4B-00C04F79EFBC}") = "TPMOD51302210053", "TPMOD51302210053\TPMOD51302210053.csproj", "{DB23DEB2-8BC7-4B11-827A-C55C44C7DB6A}"
EndProject
Global
	GlobalSection(SolutionConfigurationPlatforms) = preSolution
		Debug|Any CPU = Debug|Any CPU
		Release|Any CPU = Release|Any CPU
	EndGlobalSection
	GlobalSection(ProjectConfigurationPlatforms) = postSolution
		{DB23DEB2-8BC7-4B11-827A-C55C44C7DB6A}.Debug|Any CPU.ActiveCfg = Debug|Any CPU
		{DB23DEB2-8BC7-4B11-827A-C55C44C7DB6A}.Debug|Any CPU.Build.0 = Debug|Any CPU
		{DB23DEB2-8BC7-4B11-827A-C55C44C7DB6A}.Release|Any CPU.ActiveCfg = Release|Any CPU
		{DB23DEB2-8BC7-4B11-827A-C55C44C7DB6A}.Release|Any CPU.Build.0 = Release|Any CPU
	EndGlobalSection
	GlobalSection(SolutionProperties) = preSolution
		HideSolutionNode = FALSE
	EndGlobalSection
	GlobalSection(ExtensibilityGlobals) = postSolution
		SolutionGuid = {114367F9-6A03-4F07-8BBA-90305391281D}
	EndGlobalSection
EndGlobal
